<?xml version="1.0" encoding="utf-8"?>
<Project ToolsVersion="4.0" xmlns="http://schemas.microsoft.com/developer/msbuild/2003">
  <ItemGroup>
    <ClInclude Include="Program.h">
      <Filter>Shader</Filter>
    </ClInclude>
    <ClInclude Include="Shader.h">
      <Filter>Shader</Filter>
    </ClInclude>
    <ClInclude Include="Image.h">
      <Filter>Storage\Texture</Filter>
    </ClInclude>
    <ClInclude Include="Texture.h">
      <Filter>Storage\Texture</Filter>
    </ClInclude>
    <ClInclude Include="Library.h">
      <Filter>Text</Filter>
    </ClInclude>
    <ClInclude Include="Font.h">
      <Filter>Text</Filter>
    </ClInclude>
    <ClInclude Include="TextureAtlas.h">
      <Filter>Storage\Texture</Filter>
    </ClInclude>
    <ClInclude Include="BufferInfo.h">
      <Filter>Shader</Filter>
    </ClInclude>
    <ClInclude Include="SpriteProgram.h">
      <Filter>Shader\Some Programs</Filter>
    </ClInclude>
    <ClInclude Include="ObjectArray.h">
      <Filter>Storage</Filter>
    </ClInclude>
    <ClInclude Include="Buffer.h">
      <Filter>Storage</Filter>
    </ClInclude>
    <ClInclude Include="lodepng.h">
      <Filter>Storage\Texture</Filter>
    </ClInclude>
    <ClInclude Include="BasicProgram.h">
      <Filter>Shader\Some Programs</Filter>
    </ClInclude>
  </ItemGroup>
  <ItemGroup>
    <ClCompile Include="Program.cpp">
      <Filter>Shader</Filter>
    </ClCompile>
    <ClCompile Include="Shader.cpp">
      <Filter>Shader</Filter>
    </ClCompile>
    <ClCompile Include="Image.cpp">
      <Filter>Storage\Texture</Filter>
    </ClCompile>
    <ClCompile Include="Texture.cpp">
      <Filter>Storage\Texture</Filter>
    </ClCompile>
    <ClCompile Include="Library.cpp">
      <Filter>Text</Filter>
    </ClCompile>
    <ClCompile Include="Font.cpp">
      <Filter>Text</Filter>
    </ClCompile>
    <ClCompile Include="TextureAtlas.cpp">
      <Filter>Storage\Texture</Filter>
    </ClCompile>
    <ClCompile Include="BufferInfo.cpp">
      <Filter>Shader</Filter>
    </ClCompile>
    <ClCompile Include="SpriteProgram.cpp">
      <Filter>Shader\Some Programs</Filter>
    </ClCompile>
    <ClCompile Include="Buffer.cpp">
      <Filter>Storage</Filter>
    </ClCompile>
    <ClCompile Include="lodepng.cpp">
      <Filter>Storage\Texture</Filter>
    </ClCompile>
    <ClCompile Include="BasicProgram.cpp">
      <Filter>Shader\Some Programs</Filter>
    </ClCompile>
  </ItemGroup>
  <ItemGroup>
    <Text Include="Todo.txt" />
    <Text Include="BasicFragment.sh">
      <Filter>Shader\Some Programs</Filter>
    </Text>
  </ItemGroup>
  <ItemGroup>
    <Filter Include="Shader">
      <UniqueIdentifier>{d7fd6758-0d36-41c1-980a-450ed6f5a914}</UniqueIdentifier>
    </Filter>
    <Filter Include="Shader\Some Programs">
      <UniqueIdentifier>{e5882570-a05f-4390-afb9-2e746eb6fc02}</UniqueIdentifier>
    </Filter>
    <Filter Include="Text">
      <UniqueIdentifier>{5d9bb66c-9e6d-4c91-8071-14eee44103f9}</UniqueIdentifier>
    </Filter>
    <Filter Include="Storage">
      <UniqueIdentifier>{888ab181-1b21-4d18-9a9b-96c1d5828728}</UniqueIdentifier>
    </Filter>
    <Filter Include="Storage\Texture">
      <UniqueIdentifier>{b07e5ed8-01cb-4adb-a326-9a7459df7876}</UniqueIdentifier>
    </Filter>
  </ItemGroup>
  <ItemGroup>
    <None Include="SpriteFragment.sh">
      <Filter>Shader\Some Programs</Filter>
    </None>
    <None Include="SpriteVertex.sh">
      <Filter>Shader\Some Programs</Filter>
    </None>
    <None Include="BasicVertex.sh">
      <Filter>Shader\Some Programs</Filter>
    </None>
  </ItemGroup>
</Project>