
Microsoft Visual Studio Solution File, Format Version 12.00
# Visual Studio 14
VisualStudioVersion = 14.0.25420.1
MinimumVisualStudioVersion = 10.0.40219.1
Project("{8BC9CEB8-8B4A-11D0-8D11-00A0C91BC942}") = "Common", "Common\Common.vcxproj", "{0B7209CE-94CB-4393-94EA-B2675C2AED41}"
EndProject
Project("{8BC9CEB8-8B4A-11D0-8D11-00A0C91BC942}") = "Comser", "Comser\Comser.vcxproj", "{DC65FAD4-3B4F-4D52-B475-B505DBEDA2EF}"
	ProjectSection(ProjectDependencies) = postProject
		{0B7209CE-94CB-4393-94EA-B2675C2AED41} = {0B7209CE-94CB-4393-94EA-B2675C2AED41}
	EndProjectSection
EndProject
Project("{8BC9CEB8-8B4A-11D0-8D11-00A0C91BC942}") = "Graphics", "Graphics\Graphics.vcxproj", "{B856A7C1-AFBA-4B10-8322-EC2586433A83}"
	ProjectSection(ProjectDependencies) = postProject
		{AC327BC4-D67B-4862-B6EB-2977F182F3CF} = {AC327BC4-D67B-4862-B6EB-2977F182F3CF}
		{0B7209CE-94CB-4393-94EA-B2675C2AED41} = {0B7209CE-94CB-4393-94EA-B2675C2AED41}
	EndProjectSection
EndProject
Project("{8BC9CEB8-8B4A-11D0-8D11-00A0C91BC942}") = "Platform", "Platform\Platform.vcxproj", "{AC327BC4-D67B-4862-B6EB-2977F182F3CF}"
	ProjectSection(ProjectDependencies) = postProject
		{0B7209CE-94CB-4393-94EA-B2675C2AED41} = {0B7209CE-94CB-4393-94EA-B2675C2AED41}
	EndProjectSection
EndProject
Project("{8BC9CEB8-8B4A-11D0-8D11-00A0C91BC942}") = "Unit Tests", "Unit Tests\Unit Tests.vcxproj", "{5F8DA9C4-2F32-423F-B00C-3BBC41D00D6A}"
	ProjectSection(ProjectDependencies) = postProject
		{B856A7C1-AFBA-4B10-8322-EC2586433A83} = {B856A7C1-AFBA-4B10-8322-EC2586433A83}
		{AC327BC4-D67B-4862-B6EB-2977F182F3CF} = {AC327BC4-D67B-4862-B6EB-2977F182F3CF}
		{0B7209CE-94CB-4393-94EA-B2675C2AED41} = {0B7209CE-94CB-4393-94EA-B2675C2AED41}
		{DC65FAD4-3B4F-4D52-B475-B505DBEDA2EF} = {DC65FAD4-3B4F-4D52-B475-B505DBEDA2EF}
	EndProjectSection
EndProject
Project("{8BC9CEB8-8B4A-11D0-8D11-00A0C91BC942}") = "PongTest", "PongTest\PongTest.vcxproj", "{43076C78-6CBE-445C-933F-3969C0B6A4AE}"
	ProjectSection(ProjectDependencies) = postProject
		{B856A7C1-AFBA-4B10-8322-EC2586433A83} = {B856A7C1-AFBA-4B10-8322-EC2586433A83}
		{AC327BC4-D67B-4862-B6EB-2977F182F3CF} = {AC327BC4-D67B-4862-B6EB-2977F182F3CF}
		{0B7209CE-94CB-4393-94EA-B2675C2AED41} = {0B7209CE-94CB-4393-94EA-B2675C2AED41}
		{DC65FAD4-3B4F-4D52-B475-B505DBEDA2EF} = {DC65FAD4-3B4F-4D52-B475-B505DBEDA2EF}
	EndProjectSection
EndProject
Project("{2150E333-8FDC-42A3-9474-1A3956D46DE8}") = "Tests", "Tests", "{6E0F6F67-30F4-4833-8AA3-0A9920F7F650}"
EndProject
Global
	GlobalSection(SolutionConfigurationPlatforms) = preSolution
		Debug|x64 = Debug|x64
		Debug|x86 = Debug|x86
		Release|x64 = Release|x64
		Release|x86 = Release|x86
	EndGlobalSection
	GlobalSection(ProjectConfigurationPlatforms) = postSolution
		{0B7209CE-94CB-4393-94EA-B2675C2AED41}.Debug|x64.ActiveCfg = Debug|x64
		{0B7209CE-94CB-4393-94EA-B2675C2AED41}.Debug|x64.Build.0 = Debug|x64
		{0B7209CE-94CB-4393-94EA-B2675C2AED41}.Debug|x86.ActiveCfg = Debug|Win32
		{0B7209CE-94CB-4393-94EA-B2675C2AED41}.Debug|x86.Build.0 = Debug|Win32
		{0B7209CE-94CB-4393-94EA-B2675C2AED41}.Release|x64.ActiveCfg = Release|x64
		{0B7209CE-94CB-4393-94EA-B2675C2AED41}.Release|x64.Build.0 = Release|x64
		{0B7209CE-94CB-4393-94EA-B2675C2AED41}.Release|x86.ActiveCfg = Release|Win32
		{0B7209CE-94CB-4393-94EA-B2675C2AED41}.Release|x86.Build.0 = Release|Win32
		{DC65FAD4-3B4F-4D52-B475-B505DBEDA2EF}.Debug|x64.ActiveCfg = Debug|x64
		{DC65FAD4-3B4F-4D52-B475-B505DBEDA2EF}.Debug|x64.Build.0 = Debug|x64
		{DC65FAD4-3B4F-4D52-B475-B505DBEDA2EF}.Debug|x86.ActiveCfg = Debug|Win32
		{DC65FAD4-3B4F-4D52-B475-B505DBEDA2EF}.Debug|x86.Build.0 = Debug|Win32
		{DC65FAD4-3B4F-4D52-B475-B505DBEDA2EF}.Release|x64.ActiveCfg = Release|x64
		{DC65FAD4-3B4F-4D52-B475-B505DBEDA2EF}.Release|x64.Build.0 = Release|x64
		{DC65FAD4-3B4F-4D52-B475-B505DBEDA2EF}.Release|x86.ActiveCfg = Release|Win32
		{DC65FAD4-3B4F-4D52-B475-B505DBEDA2EF}.Release|x86.Build.0 = Release|Win32
		{B856A7C1-AFBA-4B10-8322-EC2586433A83}.Debug|x64.ActiveCfg = Debug|x64
		{B856A7C1-AFBA-4B10-8322-EC2586433A83}.Debug|x64.Build.0 = Debug|x64
		{B856A7C1-AFBA-4B10-8322-EC2586433A83}.Debug|x86.ActiveCfg = Debug|Win32
		{B856A7C1-AFBA-4B10-8322-EC2586433A83}.Debug|x86.Build.0 = Debug|Win32
		{B856A7C1-AFBA-4B10-8322-EC2586433A83}.Release|x64.ActiveCfg = Release|x64
		{B856A7C1-AFBA-4B10-8322-EC2586433A83}.Release|x64.Build.0 = Release|x64
		{B856A7C1-AFBA-4B10-8322-EC2586433A83}.Release|x86.ActiveCfg = Release|Win32
		{B856A7C1-AFBA-4B10-8322-EC2586433A83}.Release|x86.Build.0 = Release|Win32
		{AC327BC4-D67B-4862-B6EB-2977F182F3CF}.Debug|x64.ActiveCfg = Debug|x64
		{AC327BC4-D67B-4862-B6EB-2977F182F3CF}.Debug|x64.Build.0 = Debug|x64
		{AC327BC4-D67B-4862-B6EB-2977F182F3CF}.Debug|x86.ActiveCfg = Debug|Win32
		{AC327BC4-D67B-4862-B6EB-2977F182F3CF}.Debug|x86.Build.0 = Debug|Win32
		{AC327BC4-D67B-4862-B6EB-2977F182F3CF}.Release|x64.ActiveCfg = Release|x64
		{AC327BC4-D67B-4862-B6EB-2977F182F3CF}.Release|x64.Build.0 = Release|x64
		{AC327BC4-D67B-4862-B6EB-2977F182F3CF}.Release|x86.ActiveCfg = Release|Win32
		{AC327BC4-D67B-4862-B6EB-2977F182F3CF}.Release|x86.Build.0 = Release|Win32
		{5F8DA9C4-2F32-423F-B00C-3BBC41D00D6A}.Debug|x64.ActiveCfg = Debug|x64
		{5F8DA9C4-2F32-423F-B00C-3BBC41D00D6A}.Debug|x64.Build.0 = Debug|x64
		{5F8DA9C4-2F32-423F-B00C-3BBC41D00D6A}.Debug|x86.ActiveCfg = Debug|Win32
		{5F8DA9C4-2F32-423F-B00C-3BBC41D00D6A}.Debug|x86.Build.0 = Debug|Win32
		{5F8DA9C4-2F32-423F-B00C-3BBC41D00D6A}.Release|x64.ActiveCfg = Release|x64
		{5F8DA9C4-2F32-423F-B00C-3BBC41D00D6A}.Release|x64.Build.0 = Release|x64
		{5F8DA9C4-2F32-423F-B00C-3BBC41D00D6A}.Release|x86.ActiveCfg = Release|Win32
		{5F8DA9C4-2F32-423F-B00C-3BBC41D00D6A}.Release|x86.Build.0 = Release|Win32
		{43076C78-6CBE-445C-933F-3969C0B6A4AE}.Debug|x64.ActiveCfg = Debug|x64
		{43076C78-6CBE-445C-933F-3969C0B6A4AE}.Debug|x64.Build.0 = Debug|x64
		{43076C78-6CBE-445C-933F-3969C0B6A4AE}.Debug|x86.ActiveCfg = Debug|Win32
		{43076C78-6CBE-445C-933F-3969C0B6A4AE}.Debug|x86.Build.0 = Debug|Win32
		{43076C78-6CBE-445C-933F-3969C0B6A4AE}.Release|x64.ActiveCfg = Release|x64
		{43076C78-6CBE-445C-933F-3969C0B6A4AE}.Release|x64.Build.0 = Release|x64
		{43076C78-6CBE-445C-933F-3969C0B6A4AE}.Release|x86.ActiveCfg = Release|Win32
		{43076C78-6CBE-445C-933F-3969C0B6A4AE}.Release|x86.Build.0 = Release|Win32
	EndGlobalSection
	GlobalSection(SolutionProperties) = preSolution
		HideSolutionNode = FALSE
	EndGlobalSection
	GlobalSection(NestedProjects) = preSolution
		{5F8DA9C4-2F32-423F-B00C-3BBC41D00D6A} = {6E0F6F67-30F4-4833-8AA3-0A9920F7F650}
		{43076C78-6CBE-445C-933F-3969C0B6A4AE} = {6E0F6F67-30F4-4833-8AA3-0A9920F7F650}
	EndGlobalSection
EndGlobal
