<?xml version="1.0" encoding="utf-8"?>
<Project ToolsVersion="4.0" xmlns="http://schemas.microsoft.com/developer/msbuild/2003">
  <ItemGroup>
    <Filter Include="Comser">
      <UniqueIdentifier>{78411eb7-f6d6-4ab3-b69b-1225cd7e4877}</UniqueIdentifier>
    </Filter>
    <Filter Include="Event">
      <UniqueIdentifier>{660a3422-0985-45e4-a36d-082af85a9f06}</UniqueIdentifier>
    </Filter>
    <Filter Include="Resource">
      <UniqueIdentifier>{4378c6fe-6a38-4696-9f89-31dc4cfb81f0}</UniqueIdentifier>
    </Filter>
    <Filter Include="Comser\Scene">
      <UniqueIdentifier>{7a62b847-4043-4338-b29b-030abb0dad38}</UniqueIdentifier>
    </Filter>
    <Filter Include="Comser\Scene\Group">
      <UniqueIdentifier>{969dbfac-2121-4157-94da-e55c8736d847}</UniqueIdentifier>
    </Filter>
    <Filter Include="Comser\Scene\MultiGrid">
      <UniqueIdentifier>{6d9b7581-fac4-41ea-a937-f35c1016be42}</UniqueIdentifier>
    </Filter>
  </ItemGroup>
  <ItemGroup>
    <ClInclude Include="Component.h">
      <Filter>Comser</Filter>
    </ClInclude>
    <ClInclude Include="System.h">
      <Filter>Comser</Filter>
    </ClInclude>
    <ClInclude Include="ResourceHandler.h">
      <Filter>Resource</Filter>
    </ClInclude>
    <ClInclude Include="EventManager.h">
      <Filter>Event</Filter>
    </ClInclude>
    <ClInclude Include="UpdateCounter.h" />
    <ClInclude Include="Group.h">
      <Filter>Comser\Scene\Group</Filter>
    </ClInclude>
    <ClInclude Include="ComponentAssociator.h">
      <Filter>Comser\Scene</Filter>
    </ClInclude>
    <ClInclude Include="Scene.h">
      <Filter>Comser\Scene</Filter>
    </ClInclude>
    <ClInclude Include="GroupEntityList.h">
      <Filter>Comser\Scene\Group</Filter>
    </ClInclude>
    <ClInclude Include="GroupComponentManager.h">
      <Filter>Comser\Scene\Group</Filter>
    </ClInclude>
    <ClInclude Include="MultiGrid.h">
      <Filter>Comser\Scene\MultiGrid</Filter>
    </ClInclude>
    <ClInclude Include="Engine.h" />
    <ClInclude Include="GroupPrefab.h">
      <Filter>Comser\Scene\Group</Filter>
    </ClInclude>
    <ClInclude Include="Message.h">
      <Filter>Event</Filter>
    </ClInclude>
    <ClInclude Include="StrongEntityCache.h">
      <Filter>Comser</Filter>
    </ClInclude>
  </ItemGroup>
  <ItemGroup>
    <ClCompile Include="Component.cpp">
      <Filter>Comser</Filter>
    </ClCompile>
    <ClCompile Include="UpdateCounter.cpp" />
    <ClCompile Include="Group.cpp">
      <Filter>Comser\Scene\Group</Filter>
    </ClCompile>
    <ClCompile Include="ComponentAssociator.cpp">
      <Filter>Comser\Scene</Filter>
    </ClCompile>
    <ClCompile Include="GroupEntityList.cpp">
      <Filter>Comser\Scene\Group</Filter>
    </ClCompile>
    <ClCompile Include="GroupComponentManager.cpp">
      <Filter>Comser\Scene\Group</Filter>
    </ClCompile>
    <ClCompile Include="MultiGrid.cpp">
      <Filter>Comser\Scene\MultiGrid</Filter>
    </ClCompile>
    <ClCompile Include="Engine.cpp" />
  </ItemGroup>
  <ItemGroup>
    <Text Include="TODO.txt" />
  </ItemGroup>
</Project>